
Microsoft Visual Studio Solution File, Format Version 12.00
# Visual Studio Version 18
VisualStudioVersion = 18.9.12105.275
MinimumVisualStudioVersion = 10.0.40219.1
Project("{2150E333-8FDC-42A3-9474-1A3956D46DE8}") = "src", "src", "{4F348A22-1AEF-463D-8F5A-67890084FB07}"
EndProject
Project("{2150E333-8FDC-42A3-9474-1A3956D46DE8}") = "tests", "tests", "{74BFF0CA-38C3-4E55-B4F5-030113DA747F}"
EndProject
Project("{FAE04EC0-301F-11D3-BF4B-00C04F79EFBC}") = "Maktab.App.Wpf", "src\Maktab.App.Wpf\Maktab.App.Wpf.csproj", "{F0AADCD8-DAB4-4F0F-8051-4A8BFD130005}"
EndProject
Project("{FAE04EC0-301F-11D3-BF4B-00C04F79EFBC}") = "Maktab.Application", "src\Maktab.Application\Maktab.Application.csproj", "{D3AD715C-838A-497B-B4E1-686C2C02416B}"
EndProject
Project("{FAE04EC0-301F-11D3-BF4B-00C04F79EFBC}") = "Maktab.Domain", "src\Maktab.Domain\Maktab.Domain.csproj", "{F8944FEE-7875-4EC3-8603-C6641B55C440}"
EndProject
Project("{FAE04EC0-301F-11D3-BF4B-00C04F79EFBC}") = "Maktab.Infrastructure", "src\Maktab.Infrastructure\Maktab.Infrastructure.csproj", "{F20720C6-EE3F-401B-BC44-FBEF0AFC1375}"
EndProject
Project("{FAE04EC0-301F-11D3-BF4B-00C04F79EFBC}") = "Maktab.Tests", "tests\Maktab.Tests\Maktab.Tests.csproj", "{3D8B0059-77A1-47BE-97FE-7E4A513AA604}"
EndProject
Global
	GlobalSection(SolutionConfigurationPlatforms) = preSolution
		Debug|Any CPU = Debug|Any CPU
		Debug|x64 = Debug|x64
		Debug|x86 = Debug|x86
		Release|Any CPU = Release|Any CPU
		Release|x64 = Release|x64
		Release|x86 = Release|x86
	EndGlobalSection
	GlobalSection(ProjectConfigurationPlatforms) = postSolution
		{F0AADCD8-DAB4-4F0F-8051-4A8BFD130005}.Debug|Any CPU.ActiveCfg = Debug|Any CPU
		{F0AADCD8-DAB4-4F0F-8051-4A8BFD130005}.Debug|Any CPU.Build.0 = Debug|Any CPU
		{F0AADCD8-DAB4-4F0F-8051-4A8BFD130005}.Debug|x64.ActiveCfg = Debug|Any CPU
		{F0AADCD8-DAB4-4F0F-8051-4A8BFD130005}.Debug|x64.Build.0 = Debug|Any CPU
		{F0AADCD8-DAB4-4F0F-8051-4A8BFD130005}.Debug|x86.ActiveCfg = Debug|Any CPU
		{F0AADCD8-DAB4-4F0F-8051-4A8BFD130005}.Debug|x86.Build.0 = Debug|Any CPU
		{F0AADCD8-DAB4-4F0F-8051-4A8BFD130005}.Release|Any CPU.ActiveCfg = Release|Any CPU
		{F0AADCD8-DAB4-4F0F-8051-4A8BFD130005}.Release|Any CPU.Build.0 = Release|Any CPU
		{F0AADCD8-DAB4-4F0F-8051-4A8BFD130005}.Release|x64.ActiveCfg = Release|Any CPU
		{F0AADCD8-DAB4-4F0F-8051-4A8BFD130005}.Release|x64.Build.0 = Release|Any CPU
		{F0AADCD8-DAB4-4F0F-8051-4A8BFD130005}.Release|x86.ActiveCfg = Release|Any CPU
		{F0AADCD8-DAB4-4F0F-8051-4A8BFD130005}.Release|x86.Build.0 = Release|Any CPU
		{D3AD715C-838A-497B-B4E1-686C2C02416B}.Debug|Any CPU.ActiveCfg = Debug|Any CPU
		{D3AD715C-838A-497B-B4E1-686C2C02416B}.Debug|Any CPU.Build.0 = Debug|Any CPU
		{D3AD715C-838A-497B-B4E1-686C2C02416B}.Debug|x64.ActiveCfg = Debug|Any CPU
		{D3AD715C-838A-497B-B4E1-686C2C02416B}.Debug|x64.Build.0 = Debug|Any CPU
		{D3AD715C-838A-497B-B4E1-686C2C02416B}.Debug|x86.ActiveCfg = Debug|Any CPU
		{D3AD715C-838A-497B-B4E1-686C2C02416B}.Debug|x86.Build.0 = Debug|Any CPU
		{D3AD715C-838A-497B-B4E1-686C2C02416B}.Release|Any CPU.ActiveCfg = Release|Any CPU
		{D3AD715C-838A-497B-B4E1-686C2C02416B}.Release|Any CPU.Build.0 = Release|Any CPU
		{D3AD715C-838A-497B-B4E1-686C2C02416B}.Release|x64.ActiveCfg = Release|Any CPU
		{D3AD715C-838A-497B-B4E1-686C2C02416B}.Release|x64.Build.0 = Release|Any CPU
		{D3AD715C-838A-497B-B4E1-686C2C02416B}.Release|x86.ActiveCfg = Release|Any CPU
		{D3AD715C-838A-497B-B4E1-686C2C02416B}.Release|x86.Build.0 = Release|Any CPU
		{F8944FEE-7875-4EC3-8603-C6641B55C440}.Debug|Any CPU.ActiveCfg = Debug|Any CPU
		{F8944FEE-7875-4EC3-8603-C6641B55C440}.Debug|Any CPU.Build.0 = Debug|Any CPU
		{F8944FEE-7875-4EC3-8603-C6641B55C440}.Debug|x64.ActiveCfg = Debug|Any CPU
		{F8944FEE-7875-4EC3-8603-C6641B55C440}.Debug|x64.Build.0 = Debug|Any CPU
		{F8944FEE-7875-4EC3-8603-C6641B55C440}.Debug|x86.ActiveCfg = Debug|Any CPU
		{F8944FEE-7875-4EC3-8603-C6641B55C440}.Debug|x86.Build.0 = Debug|Any CPU
		{F8944FEE-7875-4EC3-8603-C6641B55C440}.Release|Any CPU.ActiveCfg = Release|Any CPU
		{F8944FEE-7875-4EC3-8603-C6641B55C440}.Release|Any CPU.Build.0 = Release|Any CPU
		{F8944FEE-7875-4EC3-8603-C6641B55C440}.Release|x64.ActiveCfg = Release|Any CPU
		{F8944FEE-7875-4EC3-8603-C6641B55C440}.Release|x64.Build.0 = Release|Any CPU
		{F8944FEE-7875-4EC3-8603-C6641B55C440}.Release|x86.ActiveCfg = Release|Any CPU
		{F8944FEE-7875-4EC3-8603-C6641B55C440}.Release|x86.Build.0 = Release|Any CPU
		{F20720C6-EE3F-401B-BC44-FBEF0AFC1375}.Debug|Any CPU.ActiveCfg = Debug|Any CPU
		{F20720C6-EE3F-401B-BC44-FBEF0AFC1375}.Debug|Any CPU.Build.0 = Debug|Any CPU
		{F20720C6-EE3F-401B-BC44-FBEF0AFC1375}.Debug|x64.ActiveCfg = Debug|Any CPU
		{F20720C6-EE3F-401B-BC44-FBEF0AFC1375}.Debug|x64.Build.0 = Debug|Any CPU
		{F20720C6-EE3F-401B-BC44-FBEF0AFC1375}.Debug|x86.ActiveCfg = Debug|Any CPU
		{F20720C6-EE3F-401B-BC44-FBEF0AFC1375}.Debug|x86.Build.0 = Debug|Any CPU
		{F20720C6-EE3F-401B-BC44-FBEF0AFC1375}.Release|Any CPU.ActiveCfg = Release|Any CPU
		{F20720C6-EE3F-401B-BC44-FBEF0AFC1375}.Release|Any CPU.Build.0 = Release|Any CPU
		{F20720C6-EE3F-401B-BC44-FBEF0AFC1375}.Release|x64.ActiveCfg = Release|Any CPU
		{F20720C6-EE3F-401B-BC44-FBEF0AFC1375}.Release|x64.Build.0 = Release|Any CPU
		{F20720C6-EE3F-401B-BC44-FBEF0AFC1375}.Release|x86.ActiveCfg = Release|Any CPU
		{F20720C6-EE3F-401B-BC44-FBEF0AFC1375}.Release|x86.Build.0 = Release|Any CPU
		{3D8B0059-77A1-47BE-97FE-7E4A513AA604}.Debug|Any CPU.ActiveCfg = Debug|Any CPU
		{3D8B0059-77A1-47BE-97FE-7E4A513AA604}.Debug|Any CPU.Build.0 = Debug|Any CPU
		{3D8B0059-77A1-47BE-97FE-7E4A513AA604}.Debug|x64.ActiveCfg = Debug|Any CPU
		{3D8B0059-77A1-47BE-97FE-7E4A513AA604}.Debug|x64.Build.0 = Debug|Any CPU
		{3D8B0059-77A1-47BE-97FE-7E4A513AA604}.Debug|x86.ActiveCfg = Debug|Any CPU
		{3D8B0059-77A1-47BE-97FE-7E4A513AA604}.Debug|x86.Build.0 = Debug|Any CPU
		{3D8B0059-77A1-47BE-97FE-7E4A513AA604}.Release|Any CPU.ActiveCfg = Release|Any CPU
		{3D8B0059-77A1-47BE-97FE-7E4A513AA604}.Release|Any CPU.Build.0 = Release|Any CPU
		{3D8B0059-77A1-47BE-97FE-7E4A513AA604}.Release|x64.ActiveCfg = Release|Any CPU
		{3D8B0059-77A1-47BE-97FE-7E4A513AA604}.Release|x64.Build.0 = Release|Any CPU
		{3D8B0059-77A1-47BE-97FE-7E4A513AA604}.Release|x86.ActiveCfg = Release|Any CPU
		{3D8B0059-77A1-47BE-97FE-7E4A513AA604}.Release|x86.Build.0 = Release|Any CPU
	EndGlobalSection
	GlobalSection(SolutionProperties) = preSolution
		HideSolutionNode = FALSE
	EndGlobalSection
	GlobalSection(NestedProjects) = preSolution
		{F0AADCD8-DAB4-4F0F-8051-4A8BFD130005} = {4F348A22-1AEF-463D-8F5A-67890084FB07}
		{D3AD715C-838A-497B-B4E1-686C2C02416B} = {4F348A22-1AEF-463D-8F5A-67890084FB07}
		{F8944FEE-7875-4EC3-8603-C6641B55C440} = {4F348A22-1AEF-463D-8F5A-67890084FB07}
		{F20720C6-EE3F-401B-BC44-FBEF0AFC1375} = {4F348A22-1AEF-463D-8F5A-67890084FB07}
		{3D8B0059-77A1-47BE-97FE-7E4A513AA604} = {74BFF0CA-38C3-4E55-B4F5-030113DA747F}
	EndGlobalSection
	GlobalSection(ExtensibilityGlobals) = postSolution
		SolutionGuid = {6CE05039-483D-4393-99C4-286111111FE0}
	EndGlobalSection
EndGlobal
